
Microsoft Visual Studio Solution File, Format Version 12.00
# Visual Studio Version 17
VisualStudioVersion = 17.0.31903.59
MinimumVisualStudioVersion = 10.0.40219.1
Project("{FAE04EC0-301F-11D3-BF4B-00C04F79EFBC}") = "Moderation-API.Infrastructure", "Moderation-API.Infrastructure\Moderation-API.Infrastructure.csproj", "{4EB856BC-DC81-4674-96DB-0D726C9DA9F3}"
EndProject
Project("{FAE04EC0-301F-11D3-BF4B-00C04F79EFBC}") = "Moderation-API.Core", "Moderation-API.Core\Moderation-API.Core.csproj", "{8A565060-8950-4E80-A6C9-A269016B8233}"
EndProject
Project("{FAE04EC0-301F-11D3-BF4B-00C04F79EFBC}") = "Moderation-API.Presentation", "Moderation-API.Presentation\Moderation-API.Presentation.csproj", "{D81D9E36-BB80-4FC8-A92E-750336CCED65}"
EndProject
Global
	GlobalSection(SolutionConfigurationPlatforms) = preSolution
		Debug|Any CPU = Debug|Any CPU
		Release|Any CPU = Release|Any CPU
	EndGlobalSection
	GlobalSection(SolutionProperties) = preSolution
		HideSolutionNode = FALSE
	EndGlobalSection
	GlobalSection(ProjectConfigurationPlatforms) = postSolution
		{4EB856BC-DC81-4674-96DB-0D726C9DA9F3}.Debug|Any CPU.ActiveCfg = Debug|Any CPU
		{4EB856BC-DC81-4674-96DB-0D726C9DA9F3}.Debug|Any CPU.Build.0 = Debug|Any CPU
		{4EB856BC-DC81-4674-96DB-0D726C9DA9F3}.Release|Any CPU.ActiveCfg = Release|Any CPU
		{4EB856BC-DC81-4674-96DB-0D726C9DA9F3}.Release|Any CPU.Build.0 = Release|Any CPU
		{8A565060-8950-4E80-A6C9-A269016B8233}.Debug|Any CPU.ActiveCfg = Debug|Any CPU
		{8A565060-8950-4E80-A6C9-A269016B8233}.Debug|Any CPU.Build.0 = Debug|Any CPU
		{8A565060-8950-4E80-A6C9-A269016B8233}.Release|Any CPU.ActiveCfg = Release|Any CPU
		{8A565060-8950-4E80-A6C9-A269016B8233}.Release|Any CPU.Build.0 = Release|Any CPU
		{D81D9E36-BB80-4FC8-A92E-750336CCED65}.Debug|Any CPU.ActiveCfg = Debug|Any CPU
		{D81D9E36-BB80-4FC8-A92E-750336CCED65}.Debug|Any CPU.Build.0 = Debug|Any CPU
		{D81D9E36-BB80-4FC8-A92E-750336CCED65}.Release|Any CPU.ActiveCfg = Release|Any CPU
		{D81D9E36-BB80-4FC8-A92E-750336CCED65}.Release|Any CPU.Build.0 = Release|Any CPU
	EndGlobalSection
EndGlobal
